// !$*UTF8*$!
{
	archiveVersion = 1;
	classes = {
	};
	objectVersion = 48;
	objects = {

/* Begin PBXBuildFile section */
		2B370D531FE4A6C10091DD64 /* asdad.swift in Sources */ = {isa = PBXBuildFile; fileRef = 2B370D521FE4A6C10091DD64 /* asdad.swift */; };
		2BEF59C01FE4043800D5897C /* AppDelegate.swift in Sources */ = {isa = PBXBuildFile; fileRef = 2BEF59BF1FE4043800D5897C /* AppDelegate.swift */; };
		2BEF59C21FE4043800D5897C /* ViewController.swift in Sources */ = {isa = PBXBuildFile; fileRef = 2BEF59C11FE4043800D5897C /* ViewController.swift */; };
		2BEF59C51FE4043800D5897C /* Main.storyboard in Resources */ = {isa = PBXBuildFile; fileRef = 2BEF59C31FE4043800D5897C /* Main.storyboard */; };
		2BEF59C71FE4043800D5897C /* Assets.xcassets in Resources */ = {isa = PBXBuildFile; fileRef = 2BEF59C61FE4043800D5897C /* Assets.xcassets */; };
		2BEF59CA1FE4043800D5897C /* LaunchScreen.storyboard in Resources */ = {isa = PBXBuildFile; fileRef = 2BEF59C81FE4043800D5897C /* LaunchScreen.storyboard */; };
		2BEF59D21FE4054D00D5897C /* StationCell.swift in Sources */ = {isa = PBXBuildFile; fileRef = 2BEF59D11FE4054D00D5897C /* StationCell.swift */; };
		2BEF59D41FE405FD00D5897C /* station.swift in Sources */ = {isa = PBXBuildFile; fileRef = 2BEF59D31FE405FD00D5897C /* station.swift */; };
		2BEF59D61FE40D1C00D5897C /* stationAPIClient.swift in Sources */ = {isa = PBXBuildFile; fileRef = 2BEF59D51FE40D1C00D5897C /* stationAPIClient.swift */; };
		2BEF59DE1FE46F5400D5897C /* viewModel.swift in Sources */ = {isa = PBXBuildFile; fileRef = 2BEF59DD1FE46F5400D5897C /* viewModel.swift */; };
/* End PBXBuildFile section */

/* Begin PBXFileReference section */
		2B370D521FE4A6C10091DD64 /* asdad.swift */ = {isa = PBXFileReference; lastKnownFileType = sourcecode.swift; path = asdad.swift; sourceTree = "<group>"; };
		2BEF59BC1FE4043800D5897C /* CityBikes.app */ = {isa = PBXFileReference; explicitFileType = wrapper.application; includeInIndex = 0; path = CityBikes.app; sourceTree = BUILT_PRODUCTS_DIR; };
		2BEF59BF1FE4043800D5897C /* AppDelegate.swift */ = {isa = PBXFileReference; lastKnownFileType = sourcecode.swift; path = AppDelegate.swift; sourceTree = "<group>"; };
		2BEF59C11FE4043800D5897C /* ViewController.swift */ = {isa = PBXFileReference; lastKnownFileType = sourcecode.swift; path = ViewController.swift; sourceTree = "<group>"; };
		2BEF59C41FE4043800D5897C /* Base */ = {isa = PBXFileReference; lastKnownFileType = file.storyboard; name = Base; path = Base.lproj/Main.storyboard; sourceTree = "<group>"; };
		2BEF59C61FE4043800D5897C /* Assets.xcassets */ = {isa = PBXFileReference; lastKnownFileType = folder.assetcatalog; path = Assets.xcassets; sourceTree = "<group>"; };
		2BEF59C91FE4043800D5897C /* Base */ = {isa = PBXFileReference; lastKnownFileType = file.storyboard; name = Base; path = Base.lproj/LaunchScreen.storyboard; sourceTree = "<group>"; };
		2BEF59CB1FE4043800D5897C /* Info.plist */ = {isa = PBXFileReference; lastKnownFileType = text.plist.xml; path = Info.plist; sourceTree = "<group>"; };
		2BEF59D11FE4054D00D5897C /* StationCell.swift */ = {isa = PBXFileReference; lastKnownFileType = sourcecode.swift; path = StationCell.swift; sourceTree = "<group>"; };
		2BEF59D31FE405FD00D5897C /* station.swift */ = {isa = PBXFileReference; lastKnownFileType = sourcecode.swift; path = station.swift; sourceTree = "<group>"; };
		2BEF59D51FE40D1C00D5897C /* stationAPIClient.swift */ = {isa = PBXFileReference; lastKnownFileType = sourcecode.swift; path = stationAPIClient.swift; sourceTree = "<group>"; };
		2BEF59DD1FE46F5400D5897C /* viewModel.swift */ = {isa = PBXFileReference; lastKnownFileType = sourcecode.swift; path = viewModel.swift; sourceTree = "<group>"; };
/* End PBXFileReference section */

/* Begin PBXFrameworksBuildPhase section */
		2BEF59B91FE4043800D5897C /* Frameworks */ = {
			isa = PBXFrameworksBuildPhase;
			buildActionMask = 2147483647;
			files = (
			);
			runOnlyForDeploymentPostprocessing = 0;
		};
/* End PBXFrameworksBuildPhase section */

/* Begin PBXGroup section */
		2BEF59B31FE4043800D5897C = {
			isa = PBXGroup;
			children = (
				2BEF59BE1FE4043800D5897C /* CityBikes */,
				2BEF59BD1FE4043800D5897C /* Products */,
			);
			sourceTree = "<group>";
		};
		2BEF59BD1FE4043800D5897C /* Products */ = {
			isa = PBXGroup;
			children = (
				2BEF59BC1FE4043800D5897C /* CityBikes.app */,
			);
			name = Products;
			sourceTree = "<group>";
		};
		2BEF59BE1FE4043800D5897C /* CityBikes */ = {
			isa = PBXGroup;
			children = (
				2BEF59BF1FE4043800D5897C /* AppDelegate.swift */,
				2BEF59C11FE4043800D5897C /* ViewController.swift */,
				2BEF59D31FE405FD00D5897C /* station.swift */,
				2BEF59D51FE40D1C00D5897C /* stationAPIClient.swift */,
				2BEF59C31FE4043800D5897C /* Main.storyboard */,
				2BEF59D11FE4054D00D5897C /* StationCell.swift */,
				2BEF59C61FE4043800D5897C /* Assets.xcassets */,
				2BEF59C81FE4043800D5897C /* LaunchScreen.storyboard */,
				2BEF59CB1FE4043800D5897C /* Info.plist */,
				2BEF59DD1FE46F5400D5897C /* viewModel.swift */,
				2B370D521FE4A6C10091DD64 /* asdad.swift */,
			);
			path = CityBikes;
			sourceTree = "<group>";
		};
/* End PBXGroup section */

/* Begin PBXNativeTarget section */
		2BEF59BB1FE4043800D5897C /* CityBikes */ = {
			isa = PBXNativeTarget;
			buildConfigurationList = 2BEF59CE1FE4043800D5897C /* Build configuration list for PBXNativeTarget "CityBikes" */;
			buildPhases = (
				2BEF59B81FE4043800D5897C /* Sources */,
				2BEF59B91FE4043800D5897C /* Frameworks */,
				2BEF59BA1FE4043800D5897C /* Resources */,
			);
			buildRules = (
			);
			dependencies = (
			);
			name = CityBikes;
			productName = CityBikes;
			productReference = 2BEF59BC1FE4043800D5897C /* CityBikes.app */;
			productType = "com.apple.product-type.application";
		};
/* End PBXNativeTarget section */

/* Begin PBXProject section */
		2BEF59B41FE4043800D5897C /* Project object */ = {
			isa = PBXProject;
			attributes = {
				LastSwiftUpdateCheck = 0910;
				LastUpgradeCheck = 0910;
				ORGANIZATIONNAME = "Richard Smith";
				TargetAttributes = {
					2BEF59BB1FE4043800D5897C = {
						CreatedOnToolsVersion = 9.1;
						ProvisioningStyle = Automatic;
					};
				};
			};
			buildConfigurationList = 2BEF59B71FE4043800D5897C /* Build configuration list for PBXProject "CityBikes" */;
			compatibilityVersion = "Xcode 8.0";
			developmentRegion = en;
			hasScannedForEncodings = 0;
			knownRegions = (
				en,
				Base,
			);
			mainGroup = 2BEF59B31FE4043800D5897C;
			productRefGroup = 2BEF59BD1FE4043800D5897C /* Products */;
			projectDirPath = "";
			projectRoot = "";
			targets = (
				2BEF59BB1FE4043800D5897C /* CityBikes */,
			);
		};
/* End PBXProject section */

/* Begin PBXResourcesBuildPhase section */
		2BEF59BA1FE4043800D5897C /* Resources */ = {
			isa = PBXResourcesBuildPhase;
			buildActionMask = 2147483647;
			files = (
				2BEF59CA1FE4043800D5897C /* LaunchScreen.storyboard in Resources */,
				2BEF59C71FE4043800D5897C /* Assets.xcassets in Resources */,
				2BEF59C51FE4043800D5897C /* Main.storyboard in Resources */,
			);
			runOnlyForDeploymentPostprocessing = 0;
		};
/* End PBXResourcesBuildPhase section */

/* Begin PBXSourcesBuildPhase section */
		2BEF59B81FE4043800D5897C /* Sources */ = {
			isa = PBXSourcesBuildPhase;
			buildActionMask = 2147483647;
			files = (
				2BEF59C21FE4043800D5897C /* ViewController.swift in Sources */,
				2BEF59C01FE4043800D5897C /* AppDelegate.swift in Sources */,
				2B370D531FE4A6C10091DD64 /* asdad.swift in Sources */,
				2BEF59D41FE405FD00D5897C /* station.swift in Sources */,
				2BEF59D21FE4054D00D5897C /* StationCell.swift in Sources */,
				2BEF59DE1FE46F5400D5897C /* viewModel.swift in Sources */,
				2BEF59D61FE40D1C00D5897C /* stationAPIClient.swift in Sources */,
			);
			runOnlyForDeploymentPostprocessing = 0;
		};
/* End PBXSourcesBuildPhase section */

/* Begin PBXVariantGroup section */
		2BEF59C31FE4043800D5897C /* Main.storyboard */ = {
			isa = PBXVariantGroup;
			children = (
				2BEF59C41FE4043800D5897C /* Base */,
			);
			name = Main.storyboard;
			sourceTree = "<group>";
		};
		2BEF59C81FE4043800D5897C /* LaunchScreen.storyboard */ = {
			isa = PBXVariantGroup;
			children = (
				2BEF59C91FE4043800D5897C /* Base */,
			);
			name = LaunchScreen.storyboard;
			sourceTree = "<group>";
		};
/* End PBXVariantGroup section */

/* Begin XCBuildConfiguration section */
		2BEF59CC1FE4043800D5897C /* Debug */ = {
			isa = XCBuildConfiguration;
			buildSettings = {
				ALWAYS_SEARCH_USER_PATHS = NO;
				CLANG_ANALYZER_NONNULL = YES;
				CLANG_ANALYZER_NUMBER_OBJECT_CONVERSION = YES_AGGRESSIVE;
				CLANG_CXX_LANGUAGE_STANDARD = "gnu++14";
				CLANG_CXX_LIBRARY = "libc++";
				CLANG_ENABLE_MODULES = YES;
				CLANG_ENABLE_OBJC_ARC = YES;
				CLANG_WARN_BLOCK_CAPTURE_AUTORELEASING = YES;
				CLANG_WARN_BOOL_CONVERSION = YES;
				CLANG_WARN_COMMA = YES;
				CLANG_WARN_CONSTANT_CONVERSION = YES;
				CLANG_WARN_DIRECT_OBJC_ISA_USAGE = YES_ERROR;
				CLANG_WARN_DOCUMENTATION_COMMENTS = YES;
				CLANG_WARN_EMPTY_BODY = YES;
				CLANG_WARN_ENUM_CONVERSION = YES;
				CLANG_WARN_INFINITE_RECURSION = YES;
				CLANG_WARN_INT_CONVERSION = YES;
				CLANG_WARN_NON_LITERAL_NULL_CONVERSION = YES;
				CLANG_WARN_OBJC_LITERAL_CONVERSION = YES;
				CLANG_WARN_OBJC_ROOT_CLASS = YES_ERROR;
				CLANG_WARN_RANGE_LOOP_ANALYSIS = YES;
				CLANG_WARN_STRICT_PROTOTYPES = YES;
				CLANG_WARN_SUSPICIOUS_MOVE = YES;
				CLANG_WARN_UNGUARDED_AVAILABILITY = YES_AGGRESSIVE;
				CLANG_WARN_UNREACHABLE_CODE = YES;
				CLANG_WARN__DUPLICATE_METHOD_MATCH = YES;
				CODE_SIGN_IDENTITY = "iPhone Developer";
				COPY_PHASE_STRIP = NO;
				DEBUG_INFORMATION_FORMAT = dwarf;
				ENABLE_STRICT_OBJC_MSGSEND = YES;
				ENABLE_TESTABILITY = YES;
				GCC_C_LANGUAGE_STANDARD = gnu11;
				GCC_DYNAMIC_NO_PIC = NO;
				GCC_NO_COMMON_BLOCKS = YES;
				GCC_OPTIMIZATION_LEVEL = 0;
				GCC_PREPROCESSOR_DEFINITIONS = (
					"DEBUG=1",
					"$(inherited)",
				);
				GCC_WARN_64_TO_32_BIT_CONVERSION = YES;
				GCC_WARN_ABOUT_RETURN_TYPE = YES_ERROR;
				GCC_WARN_UNDECLARED_SELECTOR = YES;
				GCC_WARN_UNINITIALIZED_AUTOS = YES_AGGRESSIVE;
				GCC_WARN_UNUSED_FUNCTION = YES;
				GCC_WARN_UNUSED_VARIABLE = YES;
				IPHONEOS_DEPLOYMENT_TARGET = 11.1;
				MTL_ENABLE_DEBUG_INFO = YES;
				ONLY_ACTIVE_ARCH = YES;
				SDKROOT = iphoneos;
				SWIFT_ACTIVE_COMPILATION_CONDITIONS = DEBUG;
				SWIFT_OPTIMIZATION_LEVEL = "-Onone";
			};
			name = Debug;
		};
		2BEF59CD1FE4043800D5897C /* Release */ = {
			isa = XCBuildConfiguration;
			buildSettings = {
				ALWAYS_SEARCH_USER_PATHS = NO;
				CLANG_ANALYZER_NONNULL = YES;
				CLANG_ANALYZER_NUMBER_OBJECT_CONVERSION = YES_AGGRESSIVE;
				CLANG_CXX_LANGUAGE_STANDARD = "gnu++14";
				CLANG_CXX_LIBRARY = "libc++";
				CLANG_ENABLE_MODULES = YES;
				CLANG_ENABLE_OBJC_ARC = YES;
				CLANG_WARN_BLOCK_CAPTURE_AUTORELEASING = YES;
				CLANG_WARN_BOOL_CONVERSION = YES;
				CLANG_WARN_COMMA = YES;
				CLANG_WARN_CONSTANT_CONVERSION = YES;
				CLANG_WARN_DIRECT_OBJC_ISA_USAGE = YES_ERROR;
				CLANG_WARN_DOCUMENTATION_COMMENTS = YES;
				CLANG_WARN_EMPTY_BODY = YES;
				CLANG_WARN_ENUM_CONVERSION = YES;
				CLANG_WARN_INFINITE_RECURSION = YES;
				CLANG_WARN_INT_CONVERSION = YES;
				CLANG_WARN_NON_LITERAL_NULL_CONVERSION = YES;
				CLANG_WARN_OBJC_LITERAL_CONVERSION = YES;
				CLANG_WARN_OBJC_ROOT_CLASS = YES_ERROR;
				CLANG_WARN_RANGE_LOOP_ANALYSIS = YES;
				CLANG_WARN_STRICT_PROTOTYPES = YES;
				CLANG_WARN_SUSPICIOUS_MOVE = YES;
				CLANG_WARN_UNGUARDED_AVAILABILITY = YES_AGGRESSIVE;
				CLANG_WARN_UNREACHABLE_CODE = YES;
				CLANG_WARN__DUPLICATE_METHOD_MATCH = YES;
				CODE_SIGN_IDENTITY = "iPhone Developer";
				COPY_PHASE_STRIP = NO;
				DEBUG_INFORMATION_FORMAT = "dwarf-with-dsym";
				ENABLE_NS_ASSERTIONS = NO;
				ENABLE_STRICT_OBJC_MSGSEND = YES;
				GCC_C_LANGUAGE_STANDARD = gnu11;
				GCC_NO_COMMON_BLOCKS = YES;
				GCC_WARN_64_TO_32_BIT_CONVERSION = YES;
				GCC_WARN_ABOUT_RETURN_TYPE = YES_ERROR;
				GCC_WARN_UNDECLARED_SELECTOR = YES;
				GCC_WARN_UNINITIALIZED_AUTOS = YES_AGGRESSIVE;
				GCC_WARN_UNUSED_FUNCTION = YES;
				GCC_WARN_UNUSED_VARIABLE = YES;
				IPHONEOS_DEPLOYMENT_TARGET = 11.1;
				MTL_ENABLE_DEBUG_INFO = NO;
				SDKROOT = iphoneos;
				SWIFT_OPTIMIZATION_LEVEL = "-Owholemodule";
				VALIDATE_PRODUCT = YES;
			};
			name = Release;
		};
		2BEF59CF1FE4043800D5897C /* Debug */ = {
			isa = XCBuildConfiguration;
			buildSettings = {
				ASSETCATALOG_COMPILER_APPICON_NAME = AppIcon;
				CODE_SIGN_STYLE = Automatic;
				DEVELOPMENT_TEAM = KZNMS3JRUQ;
				INFOPLIST_FILE = CityBikes/Info.plist;
				LD_RUNPATH_SEARCH_PATHS = "$(inherited) @executable_path/Frameworks";
				PRODUCT_BUNDLE_IDENTIFIER = lukayne.CityBikes;
				PRODUCT_NAME = "$(TARGET_NAME)";
				SWIFT_VERSION = 4.0;
				TARGETED_DEVICE_FAMILY = "1,2";
			};
			name = Debug;
		};
		2BEF59D01FE4043800D5897C /* Release */ = {
			isa = XCBuildConfiguration;
			buildSettings = {
				ASSETCATALOG_COMPILER_APPICON_NAME = AppIcon;
				CODE_SIGN_STYLE = Automatic;
				DEVELOPMENT_TEAM = KZNMS3JRUQ;
				INFOPLIST_FILE = CityBikes/Info.plist;
				LD_RUNPATH_SEARCH_PATHS = "$(inherited) @executable_path/Frameworks";
				PRODUCT_BUNDLE_IDENTIFIER = lukayne.CityBikes;
				PRODUCT_NAME = "$(TARGET_NAME)";
				SWIFT_VERSION = 4.0;
				TARGETED_DEVICE_FAMILY = "1,2";
			};
			name = Release;
		};
/* End XCBuildConfiguration section */

/* Begin XCConfigurationList section */
		2BEF59B71FE4043800D5897C /* Build configuration list for PBXProject "CityBikes" */ = {
			isa = XCConfigurationList;
			buildConfigurations = (
				2BEF59CC1FE4043800D5897C /* Debug */,
				2BEF59CD1FE4043800D5897C /* Release */,
			);
			defaultConfigurationIsVisible = 0;
			defaultConfigurationName = Release;
		};
		2BEF59CE1FE4043800D5897C /* Build configuration list for PBXNativeTarget "CityBikes" */ = {
			isa = XCConfigurationList;
			buildConfigurations = (
				2BEF59CF1FE4043800D5897C /* Debug */,
				2BEF59D01FE4043800D5897C /* Release */,
			);
			defaultConfigurationIsVisible = 0;
			defaultConfigurationName = Release;
		};
/* End XCConfigurationList section */
	};
	rootObject = 2BEF59B41FE4043800D5897C /* Project object */;
}
